
Microsoft Visual Studio Solution File, Format Version 12.00
# Visual Studio Version 17
VisualStudioVersion = 17.0.31912.275
MinimumVisualStudioVersion = 10.0.40219.1
Project("{9A19103F-16F7-4668-BE54-9A1E7A4F7556}") = "Foo.API", "Foo.API\Foo.API.csproj", "{E08DA501-95C9-46C0-9C0A-E4208256887F}"
EndProject
Project("{9A19103F-16F7-4668-BE54-9A1E7A4F7556}") = "Foo.Model", "Foo.Model\Foo.Model.csproj", "{8D4E0AC5-9425-4409-B901-B4F8FACFB489}"
EndProject
Project("{9A19103F-16F7-4668-BE54-9A1E7A4F7556}") = "Foo.Service", "Foo.Service\Foo.Service.csproj", "{52DE8ED6-201C-46C5-8FCA-B187E07E8046}"
EndProject
Project("{9A19103F-16F7-4668-BE54-9A1E7A4F7556}") = "Foo.Repository", "Foo.Repository\Foo.Repository.csproj", "{1B389A14-B35C-4855-8D17-DFFB4A90CA41}"
EndProject
Project("{2150E333-8FDC-42A3-9474-1A3956D46DE8}") = "Solution Items", "Solution Items", "{BE22F9F6-86DE-4975-83C1-676144DD5BAB}"
	ProjectSection(SolutionItems) = preProject
		Dockerfile-db.txt = Dockerfile-db.txt
	EndProjectSection
EndProject
Project("{FAE04EC0-301F-11D3-BF4B-00C04F79EFBC}") = "Foo.Test", "Foo.Test\Foo.Test.csproj", "{3D251E74-A1C4-4D37-AAD3-9E79F4F4028C}"
EndProject
Global
	GlobalSection(SolutionConfigurationPlatforms) = preSolution
		Debug|Any CPU = Debug|Any CPU
		Release|Any CPU = Release|Any CPU
	EndGlobalSection
	GlobalSection(ProjectConfigurationPlatforms) = postSolution
		{E08DA501-95C9-46C0-9C0A-E4208256887F}.Debug|Any CPU.ActiveCfg = Debug|Any CPU
		{E08DA501-95C9-46C0-9C0A-E4208256887F}.Debug|Any CPU.Build.0 = Debug|Any CPU
		{E08DA501-95C9-46C0-9C0A-E4208256887F}.Release|Any CPU.ActiveCfg = Release|Any CPU
		{E08DA501-95C9-46C0-9C0A-E4208256887F}.Release|Any CPU.Build.0 = Release|Any CPU
		{8D4E0AC5-9425-4409-B901-B4F8FACFB489}.Debug|Any CPU.ActiveCfg = Debug|Any CPU
		{8D4E0AC5-9425-4409-B901-B4F8FACFB489}.Debug|Any CPU.Build.0 = Debug|Any CPU
		{8D4E0AC5-9425-4409-B901-B4F8FACFB489}.Release|Any CPU.ActiveCfg = Release|Any CPU
		{8D4E0AC5-9425-4409-B901-B4F8FACFB489}.Release|Any CPU.Build.0 = Release|Any CPU
		{52DE8ED6-201C-46C5-8FCA-B187E07E8046}.Debug|Any CPU.ActiveCfg = Debug|Any CPU
		{52DE8ED6-201C-46C5-8FCA-B187E07E8046}.Debug|Any CPU.Build.0 = Debug|Any CPU
		{52DE8ED6-201C-46C5-8FCA-B187E07E8046}.Release|Any CPU.ActiveCfg = Release|Any CPU
		{52DE8ED6-201C-46C5-8FCA-B187E07E8046}.Release|Any CPU.Build.0 = Release|Any CPU
		{1B389A14-B35C-4855-8D17-DFFB4A90CA41}.Debug|Any CPU.ActiveCfg = Debug|Any CPU
		{1B389A14-B35C-4855-8D17-DFFB4A90CA41}.Debug|Any CPU.Build.0 = Debug|Any CPU
		{1B389A14-B35C-4855-8D17-DFFB4A90CA41}.Release|Any CPU.ActiveCfg = Release|Any CPU
		{1B389A14-B35C-4855-8D17-DFFB4A90CA41}.Release|Any CPU.Build.0 = Release|Any CPU
		{3D251E74-A1C4-4D37-AAD3-9E79F4F4028C}.Debug|Any CPU.ActiveCfg = Debug|Any CPU
		{3D251E74-A1C4-4D37-AAD3-9E79F4F4028C}.Debug|Any CPU.Build.0 = Debug|Any CPU
		{3D251E74-A1C4-4D37-AAD3-9E79F4F4028C}.Release|Any CPU.ActiveCfg = Release|Any CPU
		{3D251E74-A1C4-4D37-AAD3-9E79F4F4028C}.Release|Any CPU.Build.0 = Release|Any CPU
	EndGlobalSection
	GlobalSection(SolutionProperties) = preSolution
		HideSolutionNode = FALSE
	EndGlobalSection
	GlobalSection(NestedProjects) = preSolution
		{3D251E74-A1C4-4D37-AAD3-9E79F4F4028C} = {BE22F9F6-86DE-4975-83C1-676144DD5BAB}
	EndGlobalSection
	GlobalSection(ExtensibilityGlobals) = postSolution
		SolutionGuid = {F558A8C6-390E-477D-9D94-734FE16914B7}
	EndGlobalSection
EndGlobal
